
Microsoft Visual Studio Solution File, Format Version 12.00
# Visual Studio Version 18
VisualStudioVersion = 18.0.11123.170
MinimumVisualStudioVersion = 10.0.40219.1
Project("{FAE04EC0-301F-11D3-BF4B-00C04F79EFBC}") = "TorchLight.Statistics", "src\TorchLight.Statistics\TorchLight.Statistics.csproj", "{02B35543-9C84-E5DD-B818-09C3152FBD4B}"
EndProject
Project("{2150E333-8FDC-42A3-9474-1A3956D46DE8}") = "docs", "docs", "{9A2F80FC-9DF6-4866-943C-B5A3B745B169}"
	ProjectSection(SolutionItems) = preProject
		docs\QUICK_REFERENCE.md = docs\QUICK_REFERENCE.md
		docs\README-WEBVIEW2.md = docs\README-WEBVIEW2.md
		docs\REFACTORING_SUMMARY.md = docs\REFACTORING_SUMMARY.md
		docs\SignalR_Integration.md = docs\SignalR_Integration.md
	EndProjectSection
EndProject
Global
	GlobalSection(SolutionConfigurationPlatforms) = preSolution
		Debug|Any CPU = Debug|Any CPU
		Release|Any CPU = Release|Any CPU
	EndGlobalSection
	GlobalSection(ProjectConfigurationPlatforms) = postSolution
		{02B35543-9C84-E5DD-B818-09C3152FBD4B}.Debug|Any CPU.ActiveCfg = Debug|Any CPU
		{02B35543-9C84-E5DD-B818-09C3152FBD4B}.Debug|Any CPU.Build.0 = Debug|Any CPU
		{02B35543-9C84-E5DD-B818-09C3152FBD4B}.Release|Any CPU.ActiveCfg = Release|Any CPU
		{02B35543-9C84-E5DD-B818-09C3152FBD4B}.Release|Any CPU.Build.0 = Release|Any CPU
	EndGlobalSection
	GlobalSection(SolutionProperties) = preSolution
		HideSolutionNode = FALSE
	EndGlobalSection
	GlobalSection(ExtensibilityGlobals) = postSolution
		SolutionGuid = {910A08B6-F1A1-47D0-8EB6-A26C91830DF6}
	EndGlobalSection
EndGlobal
